{
  "name": "jcc12.github.io",
  "version": "1.0.0",
  "lockfileVersion": 1,
  "requires": true,
  "dependencies": {
    "bootstrap": {
      "version": "4.3.1",
      "resolved": "https://registry.npmjs.org/bootstrap/-/bootstrap-4.3.1.tgz",
      "integrity": "sha512-rXqOmH1VilAt2DyPzluTi2blhk17bO7ef+zLLPlWvG494pDxcM234pJ8wTc/6R40UWizAIIMgxjvxZg5kmsbag=="
    },
    "mdbootstrap": {
      "version": "4.20.0",
      "resolved": "https://registry.npmjs.org/mdbootstrap/-/mdbootstrap-4.20.0.tgz",
      "integrity": "sha512-eIxaYsvHct2BKqkJWphh6j7nFQXHh9NjbbN7a+dctfrVsKaydNW5XpKIxmq2tDSb9+XYGm9hK7hMTlHgeV6wdw=="
    },
    "normalize.css": {
      "version": "8.0.1",
      "resolved": "https://registry.npmjs.org/normalize.css/-/normalize.css-8.0.1.tgz",
      "integrity": "sha512-qizSNPO93t1YUuUhP22btGOo3chcvDFqFaj2TRybP0DMxkHOCTYwp3n34fel4a31ORXy4m1Xq0Gyqpb5m33qIg=="
    },
    "startbootstrap-agency": {
      "version": "7.0.12",
      "resolved": "https://registry.npmjs.org/startbootstrap-agency/-/startbootstrap-agency-7.0.12.tgz",
      "integrity": "sha512-VpdOVgqYq+Yomt72/gZueBuB99wWyqL1rvqaGaqRwHtDMJlXSf9eGfisyQXPx7//z3dnlGHIMzIk2I8CCmtXOQ==",
      "requires": {
        "bootstrap": "5.2.3"
      },
      "dependencies": {
        "bootstrap": {
          "version": "5.2.3",
          "resolved": "https://registry.npmjs.org/bootstrap/-/bootstrap-5.2.3.tgz",
          "integrity": "sha512-cEKPM+fwb3cT8NzQZYEu4HilJ3anCrWqh3CHAok1p9jXqMPsPTBhU25fBckEJHJ/p+tTxTFTsFQGM+gaHpi3QQ=="
        }
      }
    }
  }
}
